// !$*UTF8*$!
{
	archiveVersion = 1;
	classes = {
	};
	objectVersion = 55;
	objects = {

/* Begin PBXBuildFile section */
		D2C73DED27D3F93F00A03639 /* Tests_iOS.swift in Sources */ = {isa = PBXBuildFile; fileRef = D2C73DEC27D3F93F00A03639 /* Tests_iOS.swift */; };
		D2C73DEF27D3F93F00A03639 /* Tests_iOSLaunchTests.swift in Sources */ = {isa = PBXBuildFile; fileRef = D2C73DEE27D3F93F00A03639 /* Tests_iOSLaunchTests.swift */; };
		D2C73DF927D3F93F00A03639 /* Tests_macOS.swift in Sources */ = {isa = PBXBuildFile; fileRef = D2C73DF827D3F93F00A03639 /* Tests_macOS.swift */; };
		D2C73DFB27D3F93F00A03639 /* Tests_macOSLaunchTests.swift in Sources */ = {isa = PBXBuildFile; fileRef = D2C73DFA27D3F93F00A03639 /* Tests_macOSLaunchTests.swift */; };
		D2C73DFC27D3F93F00A03639 /* Parallel_ClusteringApp.swift in Sources */ = {isa = PBXBuildFile; fileRef = D2C73DD427D3F93D00A03639 /* Parallel_ClusteringApp.swift */; };
		D2C73DFD27D3F93F00A03639 /* Parallel_ClusteringApp.swift in Sources */ = {isa = PBXBuildFile; fileRef = D2C73DD427D3F93D00A03639 /* Parallel_ClusteringApp.swift */; };
		D2C73DFE27D3F93F00A03639 /* ContentView.swift in Sources */ = {isa = PBXBuildFile; fileRef = D2C73DD527D3F93D00A03639 /* ContentView.swift */; };
		D2C73DFF27D3F93F00A03639 /* ContentView.swift in Sources */ = {isa = PBXBuildFile; fileRef = D2C73DD527D3F93D00A03639 /* ContentView.swift */; };
		D2C73E0027D3F93F00A03639 /* Assets.xcassets in Resources */ = {isa = PBXBuildFile; fileRef = D2C73DD627D3F93F00A03639 /* Assets.xcassets */; };
		D2C73E0127D3F93F00A03639 /* Assets.xcassets in Resources */ = {isa = PBXBuildFile; fileRef = D2C73DD627D3F93F00A03639 /* Assets.xcassets */; };
		D2C73E1327D3F9FF00A03639 /* LogView.swift in Sources */ = {isa = PBXBuildFile; fileRef = D2C73E1227D3F9FF00A03639 /* LogView.swift */; };
		D2C73E1427D3F9FF00A03639 /* LogView.swift in Sources */ = {isa = PBXBuildFile; fileRef = D2C73E1227D3F9FF00A03639 /* LogView.swift */; };
		D2C73E1627D3FA3400A03639 /* ModelData.swift in Sources */ = {isa = PBXBuildFile; fileRef = D2C73E1527D3FA3400A03639 /* ModelData.swift */; };
		D2C73E1727D3FA3400A03639 /* ModelData.swift in Sources */ = {isa = PBXBuildFile; fileRef = D2C73E1527D3FA3400A03639 /* ModelData.swift */; };
		D2C73E9727D4194D00A03639 /* Tests_ClusterModel.swift in Sources */ = {isa = PBXBuildFile; fileRef = D2C73E9627D4194D00A03639 /* Tests_ClusterModel.swift */; };
		D2C73E9C27D41A3500A03639 /* ClusterModel.swift in Sources */ = {isa = PBXBuildFile; fileRef = D2C73E9B27D41A3500A03639 /* ClusterModel.swift */; };
		D2C73E9D27D41A3500A03639 /* ClusterModel.swift in Sources */ = {isa = PBXBuildFile; fileRef = D2C73E9B27D41A3500A03639 /* ClusterModel.swift */; };
		D2C73E9E27D41A3500A03639 /* ClusterModel.swift in Sources */ = {isa = PBXBuildFile; fileRef = D2C73E9B27D41A3500A03639 /* ClusterModel.swift */; };
		D2C73E9F27D41A3500A03639 /* ClusterModel.swift in Sources */ = {isa = PBXBuildFile; fileRef = D2C73E9B27D41A3500A03639 /* ClusterModel.swift */; };
		D2C73EA027D41A3500A03639 /* ClusterModel.swift in Sources */ = {isa = PBXBuildFile; fileRef = D2C73E9B27D41A3500A03639 /* ClusterModel.swift */; };
		D2C73EA927D42A3300A03639 /* Benchmark.swift in Sources */ = {isa = PBXBuildFile; fileRef = D2C73EA827D42A3300A03639 /* Benchmark.swift */; };
		D2C73EAA27D42A3300A03639 /* Benchmark.swift in Sources */ = {isa = PBXBuildFile; fileRef = D2C73EA827D42A3300A03639 /* Benchmark.swift */; };
		D2C73EAB27D42A3300A03639 /* Benchmark.swift in Sources */ = {isa = PBXBuildFile; fileRef = D2C73EA827D42A3300A03639 /* Benchmark.swift */; };
		D2C73EAC27D42A3300A03639 /* Benchmark.swift in Sources */ = {isa = PBXBuildFile; fileRef = D2C73EA827D42A3300A03639 /* Benchmark.swift */; };
		D2C73EAD27D42A3300A03639 /* Benchmark.swift in Sources */ = {isa = PBXBuildFile; fileRef = D2C73EA827D42A3300A03639 /* Benchmark.swift */; };
/* End PBXBuildFile section */

/* Begin PBXContainerItemProxy section */
		D2C73DE927D3F93F00A03639 /* PBXContainerItemProxy */ = {
			isa = PBXContainerItemProxy;
			containerPortal = D2C73DCF27D3F93C00A03639 /* Project object */;
			proxyType = 1;
			remoteGlobalIDString = D2C73DDA27D3F93F00A03639;
			remoteInfo = "Parallel Clustering (iOS)";
		};
		D2C73DF527D3F93F00A03639 /* PBXContainerItemProxy */ = {
			isa = PBXContainerItemProxy;
			containerPortal = D2C73DCF27D3F93C00A03639 /* Project object */;
			proxyType = 1;
			remoteGlobalIDString = D2C73DE027D3F93F00A03639;
			remoteInfo = "Parallel Clustering (macOS)";
		};
		D2C73E9127D418B800A03639 /* PBXContainerItemProxy */ = {
			isa = PBXContainerItemProxy;
			containerPortal = D2C73DCF27D3F93C00A03639 /* Project object */;
			proxyType = 1;
			remoteGlobalIDString = D2C73DE027D3F93F00A03639;
			remoteInfo = "Parallel Clustering (macOS)";
		};
/* End PBXContainerItemProxy section */

/* Begin PBXFileReference section */
		D2B9157C27D560D2004974FE /* Parallel Clustering.app */ = {isa = PBXFileReference; explicitFileType = wrapper.application; includeInIndex = 0; name = "Parallel Clustering.app"; path = "/Users/shawnlong/Documents/School/2022/22-Winter/CS 142/Parallel Clustering/build/Debug-iphoneos/Parallel Clustering.app"; sourceTree = "<absolute>"; };
		D2B9157D27D560D2004974FE /* Parallel Clustering.app */ = {isa = PBXFileReference; explicitFileType = wrapper.application; includeInIndex = 0; name = "Parallel Clustering.app"; path = "/Users/shawnlong/Documents/School/2022/22-Winter/CS 142/Parallel Clustering/build/Debug/Parallel Clustering.app"; sourceTree = "<absolute>"; };
		D2B9157E27D560D2004974FE /* Tests iOS.xctest */ = {isa = PBXFileReference; explicitFileType = wrapper.cfbundle; includeInIndex = 0; name = "Tests iOS.xctest"; path = "/Users/shawnlong/Documents/School/2022/22-Winter/CS 142/Parallel Clustering/build/Debug-iphoneos/Tests iOS.xctest"; sourceTree = "<absolute>"; };
		D2B9157F27D560D2004974FE /* Tests macOS.xctest */ = {isa = PBXFileReference; explicitFileType = wrapper.cfbundle; includeInIndex = 0; name = "Tests macOS.xctest"; path = "/Users/shawnlong/Documents/School/2022/22-Winter/CS 142/Parallel Clustering/build/Debug/Tests macOS.xctest"; sourceTree = "<absolute>"; };
		D2B9158027D560D2004974FE /* Model Tests.xctest */ = {isa = PBXFileReference; explicitFileType = wrapper.cfbundle; includeInIndex = 0; name = "Model Tests.xctest"; path = "/Users/shawnlong/Documents/School/2022/22-Winter/CS 142/Parallel Clustering/build/Debug/Model Tests.xctest"; sourceTree = "<absolute>"; };
		D2B9158127D56647004974FE /* .gitignore */ = {isa = PBXFileReference; lastKnownFileType = text; path = .gitignore; sourceTree = "<group>"; };
		D2C73DD427D3F93D00A03639 /* Parallel_ClusteringApp.swift */ = {isa = PBXFileReference; lastKnownFileType = sourcecode.swift; path = Parallel_ClusteringApp.swift; sourceTree = "<group>"; };
		D2C73DD527D3F93D00A03639 /* ContentView.swift */ = {isa = PBXFileReference; lastKnownFileType = sourcecode.swift; path = ContentView.swift; sourceTree = "<group>"; };
		D2C73DD627D3F93F00A03639 /* Assets.xcassets */ = {isa = PBXFileReference; lastKnownFileType = folder.assetcatalog; path = Assets.xcassets; sourceTree = "<group>"; };
		D2C73DE327D3F93F00A03639 /* macOS.entitlements */ = {isa = PBXFileReference; lastKnownFileType = text.plist.entitlements; path = macOS.entitlements; sourceTree = "<group>"; };
		D2C73DEC27D3F93F00A03639 /* Tests_iOS.swift */ = {isa = PBXFileReference; lastKnownFileType = sourcecode.swift; path = Tests_iOS.swift; sourceTree = "<group>"; };
		D2C73DEE27D3F93F00A03639 /* Tests_iOSLaunchTests.swift */ = {isa = PBXFileReference; lastKnownFileType = sourcecode.swift; path = Tests_iOSLaunchTests.swift; sourceTree = "<group>"; };
		D2C73DF827D3F93F00A03639 /* Tests_macOS.swift */ = {isa = PBXFileReference; lastKnownFileType = sourcecode.swift; path = Tests_macOS.swift; sourceTree = "<group>"; };
		D2C73DFA27D3F93F00A03639 /* Tests_macOSLaunchTests.swift */ = {isa = PBXFileReference; lastKnownFileType = sourcecode.swift; path = Tests_macOSLaunchTests.swift; sourceTree = "<group>"; };
		D2C73E1227D3F9FF00A03639 /* LogView.swift */ = {isa = PBXFileReference; lastKnownFileType = sourcecode.swift; path = LogView.swift; sourceTree = "<group>"; };
		D2C73E1527D3FA3400A03639 /* ModelData.swift */ = {isa = PBXFileReference; lastKnownFileType = sourcecode.swift; path = ModelData.swift; sourceTree = "<group>"; };
		D2C73E9627D4194D00A03639 /* Tests_ClusterModel.swift */ = {isa = PBXFileReference; lastKnownFileType = sourcecode.swift; path = Tests_ClusterModel.swift; sourceTree = "<group>"; };
		D2C73E9B27D41A3500A03639 /* ClusterModel.swift */ = {isa = PBXFileReference; lastKnownFileType = sourcecode.swift; path = ClusterModel.swift; sourceTree = "<group>"; };
		D2C73EA827D42A3300A03639 /* Benchmark.swift */ = {isa = PBXFileReference; lastKnownFileType = sourcecode.swift; path = Benchmark.swift; sourceTree = "<group>"; };
		D2C73EAE27D4308500A03639 /* README.md */ = {isa = PBXFileReference; lastKnownFileType = net.daringfireball.markdown; path = README.md; sourceTree = SOURCE_ROOT; };
/* End PBXFileReference section */

/* Begin PBXFrameworksBuildPhase section */
		D2C73DD827D3F93F00A03639 /* Frameworks */ = {
			isa = PBXFrameworksBuildPhase;
			buildActionMask = 2147483647;
			files = (
			);
			runOnlyForDeploymentPostprocessing = 0;
		};
		D2C73DDE27D3F93F00A03639 /* Frameworks */ = {
			isa = PBXFrameworksBuildPhase;
			buildActionMask = 2147483647;
			files = (
			);
			runOnlyForDeploymentPostprocessing = 0;
		};
		D2C73DE527D3F93F00A03639 /* Frameworks */ = {
			isa = PBXFrameworksBuildPhase;
			buildActionMask = 2147483647;
			files = (
			);
			runOnlyForDeploymentPostprocessing = 0;
		};
		D2C73DF127D3F93F00A03639 /* Frameworks */ = {
			isa = PBXFrameworksBuildPhase;
			buildActionMask = 2147483647;
			files = (
			);
			runOnlyForDeploymentPostprocessing = 0;
		};
		D2C73E8A27D418B800A03639 /* Frameworks */ = {
			isa = PBXFrameworksBuildPhase;
			buildActionMask = 2147483647;
			files = (
			);
			runOnlyForDeploymentPostprocessing = 0;
		};
/* End PBXFrameworksBuildPhase section */

/* Begin PBXGroup section */
		D2C73DCE27D3F93C00A03639 = {
			isa = PBXGroup;
			children = (
				D2C73EAE27D4308500A03639 /* README.md */,
				D2B9158127D56647004974FE /* .gitignore */,
				D2C73DD327D3F93D00A03639 /* Shared */,
				D2C73DE227D3F93F00A03639 /* macOS */,
				D2C73DEB27D3F93F00A03639 /* Tests iOS */,
				D2C73DF727D3F93F00A03639 /* Tests macOS */,
				D2C73E8E27D418B800A03639 /* Model Tests */,
			);
			sourceTree = "<group>";
		};
		D2C73DD327D3F93D00A03639 /* Shared */ = {
			isa = PBXGroup;
			children = (
				D2C73EA727D429FC00A03639 /* Helpers */,
				D2C73E1127D3F9BC00A03639 /* Views */,
				D2C73E1027D3F9B400A03639 /* Models */,
				D2C73DD427D3F93D00A03639 /* Parallel_ClusteringApp.swift */,
				D2C73DD627D3F93F00A03639 /* Assets.xcassets */,
			);
			path = Shared;
			sourceTree = "<group>";
		};
		D2C73DE227D3F93F00A03639 /* macOS */ = {
			isa = PBXGroup;
			children = (
				D2C73DE327D3F93F00A03639 /* macOS.entitlements */,
			);
			path = macOS;
			sourceTree = "<group>";
		};
		D2C73DEB27D3F93F00A03639 /* Tests iOS */ = {
			isa = PBXGroup;
			children = (
				D2C73DEC27D3F93F00A03639 /* Tests_iOS.swift */,
				D2C73DEE27D3F93F00A03639 /* Tests_iOSLaunchTests.swift */,
			);
			path = "Tests iOS";
			sourceTree = "<group>";
		};
		D2C73DF727D3F93F00A03639 /* Tests macOS */ = {
			isa = PBXGroup;
			children = (
				D2C73DF827D3F93F00A03639 /* Tests_macOS.swift */,
				D2C73DFA27D3F93F00A03639 /* Tests_macOSLaunchTests.swift */,
			);
			path = "Tests macOS";
			sourceTree = "<group>";
		};
		D2C73E1027D3F9B400A03639 /* Models */ = {
			isa = PBXGroup;
			children = (
				D2C73E1527D3FA3400A03639 /* ModelData.swift */,
				D2C73E9B27D41A3500A03639 /* ClusterModel.swift */,
			);
			path = Models;
			sourceTree = "<group>";
		};
		D2C73E1127D3F9BC00A03639 /* Views */ = {
			isa = PBXGroup;
			children = (
				D2C73DD527D3F93D00A03639 /* ContentView.swift */,
				D2C73E1227D3F9FF00A03639 /* LogView.swift */,
			);
			path = Views;
			sourceTree = "<group>";
		};
		D2C73E8E27D418B800A03639 /* Model Tests */ = {
			isa = PBXGroup;
			children = (
				D2C73E9627D4194D00A03639 /* Tests_ClusterModel.swift */,
			);
			path = "Model Tests";
			sourceTree = "<group>";
		};
		D2C73EA727D429FC00A03639 /* Helpers */ = {
			isa = PBXGroup;
			children = (
				D2C73EA827D42A3300A03639 /* Benchmark.swift */,
			);
			path = Helpers;
			sourceTree = "<group>";
		};
/* End PBXGroup section */

/* Begin PBXNativeTarget section */
		D2C73DDA27D3F93F00A03639 /* Parallel Clustering (iOS) */ = {
			isa = PBXNativeTarget;
			buildConfigurationList = D2C73E0427D3F93F00A03639 /* Build configuration list for PBXNativeTarget "Parallel Clustering (iOS)" */;
			buildPhases = (
				D2C73DD727D3F93F00A03639 /* Sources */,
				D2C73DD827D3F93F00A03639 /* Frameworks */,
				D2C73DD927D3F93F00A03639 /* Resources */,
			);
			buildRules = (
			);
			dependencies = (
			);
			name = "Parallel Clustering (iOS)";
			packageProductDependencies = (
			);
			productName = "Parallel Clustering (iOS)";
			productReference = D2B9157C27D560D2004974FE /* Parallel Clustering.app */;
			productType = "com.apple.product-type.application";
		};
		D2C73DE027D3F93F00A03639 /* Parallel Clustering (macOS) */ = {
			isa = PBXNativeTarget;
			buildConfigurationList = D2C73E0727D3F93F00A03639 /* Build configuration list for PBXNativeTarget "Parallel Clustering (macOS)" */;
			buildPhases = (
				D2C73DDD27D3F93F00A03639 /* Sources */,
				D2C73DDE27D3F93F00A03639 /* Frameworks */,
				D2C73DDF27D3F93F00A03639 /* Resources */,
			);
			buildRules = (
			);
			dependencies = (
			);
			name = "Parallel Clustering (macOS)";
			packageProductDependencies = (
			);
			productName = "Parallel Clustering (macOS)";
			productReference = D2B9157D27D560D2004974FE /* Parallel Clustering.app */;
			productType = "com.apple.product-type.application";
		};
		D2C73DE727D3F93F00A03639 /* Tests iOS */ = {
			isa = PBXNativeTarget;
			buildConfigurationList = D2C73E0A27D3F93F00A03639 /* Build configuration list for PBXNativeTarget "Tests iOS" */;
			buildPhases = (
				D2C73DE427D3F93F00A03639 /* Sources */,
				D2C73DE527D3F93F00A03639 /* Frameworks */,
				D2C73DE627D3F93F00A03639 /* Resources */,
			);
			buildRules = (
			);
			dependencies = (
				D2C73DEA27D3F93F00A03639 /* PBXTargetDependency */,
			);
			name = "Tests iOS";
			productName = "Tests iOS";
			productReference = D2B9157E27D560D2004974FE /* Tests iOS.xctest */;
			productType = "com.apple.product-type.bundle.ui-testing";
		};
		D2C73DF327D3F93F00A03639 /* Tests macOS */ = {
			isa = PBXNativeTarget;
			buildConfigurationList = D2C73E0D27D3F93F00A03639 /* Build configuration list for PBXNativeTarget "Tests macOS" */;
			buildPhases = (
				D2C73DF027D3F93F00A03639 /* Sources */,
				D2C73DF127D3F93F00A03639 /* Frameworks */,
				D2C73DF227D3F93F00A03639 /* Resources */,
			);
			buildRules = (
			);
			dependencies = (
				D2C73DF627D3F93F00A03639 /* PBXTargetDependency */,
			);
			name = "Tests macOS";
			productName = "Tests macOS";
			productReference = D2B9157F27D560D2004974FE /* Tests macOS.xctest */;
			productType = "com.apple.product-type.bundle.ui-testing";
		};
		D2C73E8C27D418B800A03639 /* Model Tests */ = {
			isa = PBXNativeTarget;
			buildConfigurationList = D2C73E9527D418B800A03639 /* Build configuration list for PBXNativeTarget "Model Tests" */;
			buildPhases = (
				D2C73E8927D418B800A03639 /* Sources */,
				D2C73E8A27D418B800A03639 /* Frameworks */,
				D2C73E8B27D418B800A03639 /* Resources */,
			);
			buildRules = (
			);
			dependencies = (
				D2C73E9227D418B800A03639 /* PBXTargetDependency */,
			);
			name = "Model Tests";
			productName = "Model Tests";
			productReference = D2B9158027D560D2004974FE /* Model Tests.xctest */;
			productType = "com.apple.product-type.bundle.unit-test";
		};
/* End PBXNativeTarget section */

/* Begin PBXProject section */
		D2C73DCF27D3F93C00A03639 /* Project object */ = {
			isa = PBXProject;
			attributes = {
				BuildIndependentTargetsInParallel = 1;
				LastSwiftUpdateCheck = 1320;
				LastUpgradeCheck = 1320;
				TargetAttributes = {
					D2C73DDA27D3F93F00A03639 = {
						CreatedOnToolsVersion = 13.2.1;
					};
					D2C73DE027D3F93F00A03639 = {
						CreatedOnToolsVersion = 13.2.1;
					};
					D2C73DE727D3F93F00A03639 = {
						CreatedOnToolsVersion = 13.2.1;
						TestTargetID = D2C73DDA27D3F93F00A03639;
					};
					D2C73DF327D3F93F00A03639 = {
						CreatedOnToolsVersion = 13.2.1;
						TestTargetID = D2C73DE027D3F93F00A03639;
					};
					D2C73E8C27D418B800A03639 = {
						CreatedOnToolsVersion = 13.2.1;
						LastSwiftMigration = 1320;
					};
				};
			};
			buildConfigurationList = D2C73DD227D3F93C00A03639 /* Build configuration list for PBXProject "Parallel Clustering" */;
			compatibilityVersion = "Xcode 13.0";
			developmentRegion = en;
			hasScannedForEncodings = 0;
			knownRegions = (
				en,
				Base,
			);
			mainGroup = D2C73DCE27D3F93C00A03639;
			packageReferences = (
			);
			productRefGroup = D2C73DCE27D3F93C00A03639;
			projectDirPath = "";
			projectRoot = "";
			targets = (
				D2C73DDA27D3F93F00A03639 /* Parallel Clustering (iOS) */,
				D2C73DE027D3F93F00A03639 /* Parallel Clustering (macOS) */,
				D2C73DE727D3F93F00A03639 /* Tests iOS */,
				D2C73DF327D3F93F00A03639 /* Tests macOS */,
				D2C73E8C27D418B800A03639 /* Model Tests */,
			);
		};
/* End PBXProject section */

/* Begin PBXResourcesBuildPhase section */
		D2C73DD927D3F93F00A03639 /* Resources */ = {
			isa = PBXResourcesBuildPhase;
			buildActionMask = 2147483647;
			files = (
				D2C73E0027D3F93F00A03639 /* Assets.xcassets in Resources */,
			);
			runOnlyForDeploymentPostprocessing = 0;
		};
		D2C73DDF27D3F93F00A03639 /* Resources */ = {
			isa = PBXResourcesBuildPhase;
			buildActionMask = 2147483647;
			files = (
				D2C73E0127D3F93F00A03639 /* Assets.xcassets in Resources */,
			);
			runOnlyForDeploymentPostprocessing = 0;
		};
		D2C73DE627D3F93F00A03639 /* Resources */ = {
			isa = PBXResourcesBuildPhase;
			buildActionMask = 2147483647;
			files = (
			);
			runOnlyForDeploymentPostprocessing = 0;
		};
		D2C73DF227D3F93F00A03639 /* Resources */ = {
			isa = PBXResourcesBuildPhase;
			buildActionMask = 2147483647;
			files = (
			);
			runOnlyForDeploymentPostprocessing = 0;
		};
		D2C73E8B27D418B800A03639 /* Resources */ = {
			isa = PBXResourcesBuildPhase;
			buildActionMask = 2147483647;
			files = (
			);
			runOnlyForDeploymentPostprocessing = 0;
		};
/* End PBXResourcesBuildPhase section */

/* Begin PBXSourcesBuildPhase section */
		D2C73DD727D3F93F00A03639 /* Sources */ = {
			isa = PBXSourcesBuildPhase;
			buildActionMask = 2147483647;
			files = (
				D2C73E9C27D41A3500A03639 /* ClusterModel.swift in Sources */,
				D2C73EA927D42A3300A03639 /* Benchmark.swift in Sources */,
				D2C73DFE27D3F93F00A03639 /* ContentView.swift in Sources */,
				D2C73E1627D3FA3400A03639 /* ModelData.swift in Sources */,
				D2C73E1327D3F9FF00A03639 /* LogView.swift in Sources */,
				D2C73DFC27D3F93F00A03639 /* Parallel_ClusteringApp.swift in Sources */,
			);
			runOnlyForDeploymentPostprocessing = 0;
		};
		D2C73DDD27D3F93F00A03639 /* Sources */ = {
			isa = PBXSourcesBuildPhase;
			buildActionMask = 2147483647;
			files = (
				D2C73E9D27D41A3500A03639 /* ClusterModel.swift in Sources */,
				D2C73EAA27D42A3300A03639 /* Benchmark.swift in Sources */,
				D2C73DFF27D3F93F00A03639 /* ContentView.swift in Sources */,
				D2C73E1727D3FA3400A03639 /* ModelData.swift in Sources */,
				D2C73E1427D3F9FF00A03639 /* LogView.swift in Sources */,
				D2C73DFD27D3F93F00A03639 /* Parallel_ClusteringApp.swift in Sources */,
			);
			runOnlyForDeploymentPostprocessing = 0;
		};
		D2C73DE427D3F93F00A03639 /* Sources */ = {
			isa = PBXSourcesBuildPhase;
			buildActionMask = 2147483647;
			files = (
				D2C73E9E27D41A3500A03639 /* ClusterModel.swift in Sources */,
				D2C73EAB27D42A3300A03639 /* Benchmark.swift in Sources */,
				D2C73DEF27D3F93F00A03639 /* Tests_iOSLaunchTests.swift in Sources */,
				D2C73DED27D3F93F00A03639 /* Tests_iOS.swift in Sources */,
			);
			runOnlyForDeploymentPostprocessing = 0;
		};
		D2C73DF027D3F93F00A03639 /* Sources */ = {
			isa = PBXSourcesBuildPhase;
			buildActionMask = 2147483647;
			files = (
				D2C73E9F27D41A3500A03639 /* ClusterModel.swift in Sources */,
				D2C73EAC27D42A3300A03639 /* Benchmark.swift in Sources */,
				D2C73DFB27D3F93F00A03639 /* Tests_macOSLaunchTests.swift in Sources */,
				D2C73DF927D3F93F00A03639 /* Tests_macOS.swift in Sources */,
			);
			runOnlyForDeploymentPostprocessing = 0;
		};
		D2C73E8927D418B800A03639 /* Sources */ = {
			isa = PBXSourcesBuildPhase;
			buildActionMask = 2147483647;
			files = (
				D2C73EA027D41A3500A03639 /* ClusterModel.swift in Sources */,
				D2C73EAD27D42A3300A03639 /* Benchmark.swift in Sources */,
				D2C73E9727D4194D00A03639 /* Tests_ClusterModel.swift in Sources */,
			);
			runOnlyForDeploymentPostprocessing = 0;
		};
/* End PBXSourcesBuildPhase section */

/* Begin PBXTargetDependency section */
		D2C73DEA27D3F93F00A03639 /* PBXTargetDependency */ = {
			isa = PBXTargetDependency;
			target = D2C73DDA27D3F93F00A03639 /* Parallel Clustering (iOS) */;
			targetProxy = D2C73DE927D3F93F00A03639 /* PBXContainerItemProxy */;
		};
		D2C73DF627D3F93F00A03639 /* PBXTargetDependency */ = {
			isa = PBXTargetDependency;
			target = D2C73DE027D3F93F00A03639 /* Parallel Clustering (macOS) */;
			targetProxy = D2C73DF527D3F93F00A03639 /* PBXContainerItemProxy */;
		};
		D2C73E9227D418B800A03639 /* PBXTargetDependency */ = {
			isa = PBXTargetDependency;
			target = D2C73DE027D3F93F00A03639 /* Parallel Clustering (macOS) */;
			targetProxy = D2C73E9127D418B800A03639 /* PBXContainerItemProxy */;
		};
/* End PBXTargetDependency section */

/* Begin XCBuildConfiguration section */
		D2C73E0227D3F93F00A03639 /* Debug */ = {
			isa = XCBuildConfiguration;
			buildSettings = {
				ALWAYS_SEARCH_USER_PATHS = NO;
				CLANG_ANALYZER_NONNULL = YES;
				CLANG_ANALYZER_NUMBER_OBJECT_CONVERSION = YES_AGGRESSIVE;
				CLANG_CXX_LANGUAGE_STANDARD = "gnu++17";
				CLANG_CXX_LIBRARY = "libc++";
				CLANG_ENABLE_MODULES = YES;
				CLANG_ENABLE_OBJC_ARC = YES;
				CLANG_ENABLE_OBJC_WEAK = YES;
				CLANG_WARN_BLOCK_CAPTURE_AUTORELEASING = YES;
				CLANG_WARN_BOOL_CONVERSION = YES;
				CLANG_WARN_COMMA = YES;
				CLANG_WARN_CONSTANT_CONVERSION = YES;
				CLANG_WARN_DEPRECATED_OBJC_IMPLEMENTATIONS = YES;
				CLANG_WARN_DIRECT_OBJC_ISA_USAGE = YES_ERROR;
				CLANG_WARN_DOCUMENTATION_COMMENTS = YES;
				CLANG_WARN_EMPTY_BODY = YES;
				CLANG_WARN_ENUM_CONVERSION = YES;
				CLANG_WARN_INFINITE_RECURSION = YES;
				CLANG_WARN_INT_CONVERSION = YES;
				CLANG_WARN_NON_LITERAL_NULL_CONVERSION = YES;
				CLANG_WARN_OBJC_IMPLICIT_RETAIN_SELF = YES;
				CLANG_WARN_OBJC_LITERAL_CONVERSION = YES;
				CLANG_WARN_OBJC_ROOT_CLASS = YES_ERROR;
				CLANG_WARN_QUOTED_INCLUDE_IN_FRAMEWORK_HEADER = YES;
				CLANG_WARN_RANGE_LOOP_ANALYSIS = YES;
				CLANG_WARN_STRICT_PROTOTYPES = YES;
				CLANG_WARN_SUSPICIOUS_MOVE = YES;
				CLANG_WARN_UNGUARDED_AVAILABILITY = YES_AGGRESSIVE;
				CLANG_WARN_UNREACHABLE_CODE = YES;
				CLANG_WARN__DUPLICATE_METHOD_MATCH = YES;
				COPY_PHASE_STRIP = NO;
				DEBUG_INFORMATION_FORMAT = dwarf;
				ENABLE_STRICT_OBJC_MSGSEND = YES;
				ENABLE_TESTABILITY = YES;
				GCC_C_LANGUAGE_STANDARD = gnu11;
				GCC_DYNAMIC_NO_PIC = NO;
				GCC_NO_COMMON_BLOCKS = YES;
				GCC_OPTIMIZATION_LEVEL = 0;
				GCC_PREPROCESSOR_DEFINITIONS = (
					"DEBUG=1",
					"$(inherited)",
				);
				GCC_WARN_64_TO_32_BIT_CONVERSION = YES;
				GCC_WARN_ABOUT_RETURN_TYPE = YES_ERROR;
				GCC_WARN_UNDECLARED_SELECTOR = YES;
				GCC_WARN_UNINITIALIZED_AUTOS = YES_AGGRESSIVE;
				GCC_WARN_UNUSED_FUNCTION = YES;
				GCC_WARN_UNUSED_VARIABLE = YES;
				MTL_ENABLE_DEBUG_INFO = INCLUDE_SOURCE;
				MTL_FAST_MATH = YES;
				ONLY_ACTIVE_ARCH = YES;
				SWIFT_ACTIVE_COMPILATION_CONDITIONS = DEBUG;
				SWIFT_OPTIMIZATION_LEVEL = "-Onone";
			};
			name = Debug;
		};
		D2C73E0327D3F93F00A03639 /* Release */ = {
			isa = XCBuildConfiguration;
			buildSettings = {
				ALWAYS_SEARCH_USER_PATHS = NO;
				CLANG_ANALYZER_NONNULL = YES;
				CLANG_ANALYZER_NUMBER_OBJECT_CONVERSION = YES_AGGRESSIVE;
				CLANG_CXX_LANGUAGE_STANDARD = "gnu++17";
				CLANG_CXX_LIBRARY = "libc++";
				CLANG_ENABLE_MODULES = YES;
				CLANG_ENABLE_OBJC_ARC = YES;
				CLANG_ENABLE_OBJC_WEAK = YES;
				CLANG_WARN_BLOCK_CAPTURE_AUTORELEASING = YES;
				CLANG_WARN_BOOL_CONVERSION = YES;
				CLANG_WARN_COMMA = YES;
				CLANG_WARN_CONSTANT_CONVERSION = YES;
				CLANG_WARN_DEPRECATED_OBJC_IMPLEMENTATIONS = YES;
				CLANG_WARN_DIRECT_OBJC_ISA_USAGE = YES_ERROR;
				CLANG_WARN_DOCUMENTATION_COMMENTS = YES;
				CLANG_WARN_EMPTY_BODY = YES;
				CLANG_WARN_ENUM_CONVERSION = YES;
				CLANG_WARN_INFINITE_RECURSION = YES;
				CLANG_WARN_INT_CONVERSION = YES;
				CLANG_WARN_NON_LITERAL_NULL_CONVERSION = YES;
				CLANG_WARN_OBJC_IMPLICIT_RETAIN_SELF = YES;
				CLANG_WARN_OBJC_LITERAL_CONVERSION = YES;
				CLANG_WARN_OBJC_ROOT_CLASS = YES_ERROR;
				CLANG_WARN_QUOTED_INCLUDE_IN_FRAMEWORK_HEADER = YES;
				CLANG_WARN_RANGE_LOOP_ANALYSIS = YES;
				CLANG_WARN_STRICT_PROTOTYPES = YES;
				CLANG_WARN_SUSPICIOUS_MOVE = YES;
				CLANG_WARN_UNGUARDED_AVAILABILITY = YES_AGGRESSIVE;
				CLANG_WARN_UNREACHABLE_CODE = YES;
				CLANG_WARN__DUPLICATE_METHOD_MATCH = YES;
				COPY_PHASE_STRIP = NO;
				DEBUG_INFORMATION_FORMAT = "dwarf-with-dsym";
				ENABLE_NS_ASSERTIONS = NO;
				ENABLE_STRICT_OBJC_MSGSEND = YES;
				GCC_C_LANGUAGE_STANDARD = gnu11;
				GCC_NO_COMMON_BLOCKS = YES;
				GCC_WARN_64_TO_32_BIT_CONVERSION = YES;
				GCC_WARN_ABOUT_RETURN_TYPE = YES_ERROR;
				GCC_WARN_UNDECLARED_SELECTOR = YES;
				GCC_WARN_UNINITIALIZED_AUTOS = YES_AGGRESSIVE;
				GCC_WARN_UNUSED_FUNCTION = YES;
				GCC_WARN_UNUSED_VARIABLE = YES;
				MTL_ENABLE_DEBUG_INFO = NO;
				MTL_FAST_MATH = YES;
				SWIFT_COMPILATION_MODE = wholemodule;
				SWIFT_OPTIMIZATION_LEVEL = "-O";
			};
			name = Release;
		};
		D2C73E0527D3F93F00A03639 /* Debug */ = {
			isa = XCBuildConfiguration;
			buildSettings = {
				ASSETCATALOG_COMPILER_APPICON_NAME = AppIcon;
				ASSETCATALOG_COMPILER_GLOBAL_ACCENT_COLOR_NAME = AccentColor;
				CODE_SIGN_STYLE = Automatic;
				CURRENT_PROJECT_VERSION = 1;
				DEVELOPMENT_TEAM = MMT58DHXG7;
				ENABLE_PREVIEWS = YES;
				GENERATE_INFOPLIST_FILE = YES;
				INFOPLIST_KEY_UIApplicationSceneManifest_Generation = YES;
				INFOPLIST_KEY_UIApplicationSupportsIndirectInputEvents = YES;
				INFOPLIST_KEY_UILaunchScreen_Generation = YES;
				INFOPLIST_KEY_UISupportedInterfaceOrientations_iPad = "UIInterfaceOrientationPortrait UIInterfaceOrientationPortraitUpsideDown UIInterfaceOrientationLandscapeLeft UIInterfaceOrientationLandscapeRight";
				INFOPLIST_KEY_UISupportedInterfaceOrientations_iPhone = "UIInterfaceOrientationPortrait UIInterfaceOrientationLandscapeLeft UIInterfaceOrientationLandscapeRight";
				IPHONEOS_DEPLOYMENT_TARGET = 15.2;
				LD_RUNPATH_SEARCH_PATHS = (
					"$(inherited)",
					"@executable_path/Frameworks",
				);
				MARKETING_VERSION = 1.0;
				PRODUCT_BUNDLE_IDENTIFIER = "com.shawnlong.Parallel-Clustering";
				PRODUCT_NAME = "Parallel Clustering";
				SDKROOT = iphoneos;
				SWIFT_EMIT_LOC_STRINGS = YES;
				SWIFT_OPTIMIZATION_LEVEL = "-O";
				SWIFT_VERSION = 5.0;
				TARGETED_DEVICE_FAMILY = "1,2";
			};
			name = Debug;
		};
		D2C73E0627D3F93F00A03639 /* Release */ = {
			isa = XCBuildConfiguration;
			buildSettings = {
				ASSETCATALOG_COMPILER_APPICON_NAME = AppIcon;
				ASSETCATALOG_COMPILER_GLOBAL_ACCENT_COLOR_NAME = AccentColor;
				CODE_SIGN_STYLE = Automatic;
				CURRENT_PROJECT_VERSION = 1;
				DEVELOPMENT_TEAM = MMT58DHXG7;
				ENABLE_PREVIEWS = YES;
				GENERATE_INFOPLIST_FILE = YES;
				INFOPLIST_KEY_UIApplicationSceneManifest_Generation = YES;
				INFOPLIST_KEY_UIApplicationSupportsIndirectInputEvents = YES;
				INFOPLIST_KEY_UILaunchScreen_Generation = YES;
				INFOPLIST_KEY_UISupportedInterfaceOrientations_iPad = "UIInterfaceOrientationPortrait UIInterfaceOrientationPortraitUpsideDown UIInterfaceOrientationLandscapeLeft UIInterfaceOrientationLandscapeRight";
				INFOPLIST_KEY_UISupportedInterfaceOrientations_iPhone = "UIInterfaceOrientationPortrait UIInterfaceOrientationLandscapeLeft UIInterfaceOrientationLandscapeRight";
				IPHONEOS_DEPLOYMENT_TARGET = 15.2;
				LD_RUNPATH_SEARCH_PATHS = (
					"$(inherited)",
					"@executable_path/Frameworks",
				);
				MARKETING_VERSION = 1.0;
				PRODUCT_BUNDLE_IDENTIFIER = "com.shawnlong.Parallel-Clustering";
				PRODUCT_NAME = "Parallel Clustering";
				SDKROOT = iphoneos;
				SWIFT_EMIT_LOC_STRINGS = YES;
				SWIFT_OPTIMIZATION_LEVEL = "-O";
				SWIFT_VERSION = 5.0;
				TARGETED_DEVICE_FAMILY = "1,2";
				VALIDATE_PRODUCT = YES;
			};
			name = Release;
		};
		D2C73E0827D3F93F00A03639 /* Debug */ = {
			isa = XCBuildConfiguration;
			buildSettings = {
				ASSETCATALOG_COMPILER_APPICON_NAME = AppIcon;
				ASSETCATALOG_COMPILER_GLOBAL_ACCENT_COLOR_NAME = AccentColor;
				CODE_SIGN_ENTITLEMENTS = macOS/macOS.entitlements;
				CODE_SIGN_STYLE = Automatic;
				COMBINE_HIDPI_IMAGES = YES;
				CURRENT_PROJECT_VERSION = 1;
				DEVELOPMENT_TEAM = MMT58DHXG7;
				ENABLE_HARDENED_RUNTIME = YES;
				ENABLE_PREVIEWS = YES;
				GENERATE_INFOPLIST_FILE = YES;
				INFOPLIST_KEY_NSHumanReadableCopyright = "";
				LD_RUNPATH_SEARCH_PATHS = (
					"$(inherited)",
					"@executable_path/../Frameworks",
				);
				MACOSX_DEPLOYMENT_TARGET = 12.1;
				MARKETING_VERSION = 1.0;
				PRODUCT_BUNDLE_IDENTIFIER = "com.shawnlong.Parallel-Clustering";
				PRODUCT_NAME = "Parallel Clustering";
				SDKROOT = macosx;
				SWIFT_EMIT_LOC_STRINGS = YES;
				SWIFT_OPTIMIZATION_LEVEL = "-O";
				SWIFT_VERSION = 5.0;
			};
			name = Debug;
		};
		D2C73E0927D3F93F00A03639 /* Release */ = {
			isa = XCBuildConfiguration;
			buildSettings = {
				ASSETCATALOG_COMPILER_APPICON_NAME = AppIcon;
				ASSETCATALOG_COMPILER_GLOBAL_ACCENT_COLOR_NAME = AccentColor;
				CODE_SIGN_ENTITLEMENTS = macOS/macOS.entitlements;
				CODE_SIGN_STYLE = Automatic;
				COMBINE_HIDPI_IMAGES = YES;
				CURRENT_PROJECT_VERSION = 1;
				DEVELOPMENT_TEAM = MMT58DHXG7;
				ENABLE_HARDENED_RUNTIME = YES;
				ENABLE_PREVIEWS = YES;
				GENERATE_INFOPLIST_FILE = YES;
				INFOPLIST_KEY_NSHumanReadableCopyright = "";
				LD_RUNPATH_SEARCH_PATHS = (
					"$(inherited)",
					"@executable_path/../Frameworks",
				);
				MACOSX_DEPLOYMENT_TARGET = 12.1;
				MARKETING_VERSION = 1.0;
				PRODUCT_BUNDLE_IDENTIFIER = "com.shawnlong.Parallel-Clustering";
				PRODUCT_NAME = "Parallel Clustering";
				SDKROOT = macosx;
				SWIFT_EMIT_LOC_STRINGS = YES;
				SWIFT_VERSION = 5.0;
			};
			name = Release;
		};
		D2C73E0B27D3F93F00A03639 /* Debug */ = {
			isa = XCBuildConfiguration;
			buildSettings = {
				ALWAYS_EMBED_SWIFT_STANDARD_LIBRARIES = YES;
				CODE_SIGN_STYLE = Automatic;
				CURRENT_PROJECT_VERSION = 1;
				DEVELOPMENT_TEAM = MMT58DHXG7;
				GENERATE_INFOPLIST_FILE = YES;
				IPHONEOS_DEPLOYMENT_TARGET = 15.2;
				MARKETING_VERSION = 1.0;
				PRODUCT_BUNDLE_IDENTIFIER = "com.shawnlong.Tests-iOS";
				PRODUCT_NAME = "$(TARGET_NAME)";
				SDKROOT = iphoneos;
				SWIFT_EMIT_LOC_STRINGS = NO;
				SWIFT_VERSION = 5.0;
				TARGETED_DEVICE_FAMILY = "1,2";
				TEST_TARGET_NAME = "Parallel Clustering (iOS)";
			};
			name = Debug;
		};
		D2C73E0C27D3F93F00A03639 /* Release */ = {
			isa = XCBuildConfiguration;
			buildSettings = {
				ALWAYS_EMBED_SWIFT_STANDARD_LIBRARIES = YES;
				CODE_SIGN_STYLE = Automatic;
				CURRENT_PROJECT_VERSION = 1;
				DEVELOPMENT_TEAM = MMT58DHXG7;
				GENERATE_INFOPLIST_FILE = YES;
				IPHONEOS_DEPLOYMENT_TARGET = 15.2;
				MARKETING_VERSION = 1.0;
				PRODUCT_BUNDLE_IDENTIFIER = "com.shawnlong.Tests-iOS";
				PRODUCT_NAME = "$(TARGET_NAME)";
				SDKROOT = iphoneos;
				SWIFT_EMIT_LOC_STRINGS = NO;
				SWIFT_VERSION = 5.0;
				TARGETED_DEVICE_FAMILY = "1,2";
				TEST_TARGET_NAME = "Parallel Clustering (iOS)";
				VALIDATE_PRODUCT = YES;
			};
			name = Release;
		};
		D2C73E0E27D3F93F00A03639 /* Debug */ = {
			isa = XCBuildConfiguration;
			buildSettings = {
				ALWAYS_EMBED_SWIFT_STANDARD_LIBRARIES = YES;
				CODE_SIGN_STYLE = Automatic;
				CURRENT_PROJECT_VERSION = 1;
				DEVELOPMENT_TEAM = MMT58DHXG7;
				GENERATE_INFOPLIST_FILE = YES;
				MACOSX_DEPLOYMENT_TARGET = 12.1;
				MARKETING_VERSION = 1.0;
				PRODUCT_BUNDLE_IDENTIFIER = "com.shawnlong.Tests-macOS";
				PRODUCT_NAME = "$(TARGET_NAME)";
				SDKROOT = macosx;
				SWIFT_EMIT_LOC_STRINGS = NO;
				SWIFT_VERSION = 5.0;
				TEST_TARGET_NAME = "Parallel Clustering (macOS)";
			};
			name = Debug;
		};
		D2C73E0F27D3F93F00A03639 /* Release */ = {
			isa = XCBuildConfiguration;
			buildSettings = {
				ALWAYS_EMBED_SWIFT_STANDARD_LIBRARIES = YES;
				CODE_SIGN_STYLE = Automatic;
				CURRENT_PROJECT_VERSION = 1;
				DEVELOPMENT_TEAM = MMT58DHXG7;
				GENERATE_INFOPLIST_FILE = YES;
				MACOSX_DEPLOYMENT_TARGET = 12.1;
				MARKETING_VERSION = 1.0;
				PRODUCT_BUNDLE_IDENTIFIER = "com.shawnlong.Tests-macOS";
				PRODUCT_NAME = "$(TARGET_NAME)";
				SDKROOT = macosx;
				SWIFT_EMIT_LOC_STRINGS = NO;
				SWIFT_VERSION = 5.0;
				TEST_TARGET_NAME = "Parallel Clustering (macOS)";
			};
			name = Release;
		};
		D2C73E9327D418B800A03639 /* Debug */ = {
			isa = XCBuildConfiguration;
			buildSettings = {
				CLANG_ENABLE_MODULES = YES;
				CODE_SIGN_STYLE = Automatic;
				CURRENT_PROJECT_VERSION = 1;
				DEVELOPMENT_TEAM = MMT58DHXG7;
				GCC_OPTIMIZATION_LEVEL = 3;
				GENERATE_INFOPLIST_FILE = YES;
				LD_RUNPATH_SEARCH_PATHS = (
					"$(inherited)",
					"@executable_path/../Frameworks",
					"@loader_path/../Frameworks",
				);
				MACOSX_DEPLOYMENT_TARGET = 12.1;
				MARKETING_VERSION = 1.0;
				PRODUCT_BUNDLE_IDENTIFIER = "com.shawnlong.Model-Tests";
				PRODUCT_NAME = "$(TARGET_NAME)";
				SDKROOT = macosx;
				SWIFT_EMIT_LOC_STRINGS = NO;
				SWIFT_OPTIMIZATION_LEVEL = "-O";
				SWIFT_VERSION = 5.0;
			};
			name = Debug;
		};
		D2C73E9427D418B800A03639 /* Release */ = {
			isa = XCBuildConfiguration;
			buildSettings = {
				CLANG_ENABLE_MODULES = YES;
				CODE_SIGN_STYLE = Automatic;
				CURRENT_PROJECT_VERSION = 1;
				DEVELOPMENT_TEAM = MMT58DHXG7;
				GENERATE_INFOPLIST_FILE = YES;
				LD_RUNPATH_SEARCH_PATHS = (
					"$(inherited)",
					"@executable_path/../Frameworks",
					"@loader_path/../Frameworks",
				);
				MACOSX_DEPLOYMENT_TARGET = 12.1;
				MARKETING_VERSION = 1.0;
				PRODUCT_BUNDLE_IDENTIFIER = "com.shawnlong.Model-Tests";
				PRODUCT_NAME = "$(TARGET_NAME)";
				SDKROOT = macosx;
				SWIFT_EMIT_LOC_STRINGS = NO;
				SWIFT_VERSION = 5.0;
			};
			name = Release;
		};
/* End XCBuildConfiguration section */

/* Begin XCConfigurationList section */
		D2C73DD227D3F93C00A03639 /* Build configuration list for PBXProject "Parallel Clustering" */ = {
			isa = XCConfigurationList;
			buildConfigurations = (
				D2C73E0227D3F93F00A03639 /* Debug */,
				D2C73E0327D3F93F00A03639 /* Release */,
			);
			defaultConfigurationIsVisible = 0;
			defaultConfigurationName = Release;
		};
		D2C73E0427D3F93F00A03639 /* Build configuration list for PBXNativeTarget "Parallel Clustering (iOS)" */ = {
			isa = XCConfigurationList;
			buildConfigurations = (
				D2C73E0527D3F93F00A03639 /* Debug */,
				D2C73E0627D3F93F00A03639 /* Release */,
			);
			defaultConfigurationIsVisible = 0;
			defaultConfigurationName = Release;
		};
		D2C73E0727D3F93F00A03639 /* Build configuration list for PBXNativeTarget "Parallel Clustering (macOS)" */ = {
			isa = XCConfigurationList;
			buildConfigurations = (
				D2C73E0827D3F93F00A03639 /* Debug */,
				D2C73E0927D3F93F00A03639 /* Release */,
			);
			defaultConfigurationIsVisible = 0;
			defaultConfigurationName = Release;
		};
		D2C73E0A27D3F93F00A03639 /* Build configuration list for PBXNativeTarget "Tests iOS" */ = {
			isa = XCConfigurationList;
			buildConfigurations = (
				D2C73E0B27D3F93F00A03639 /* Debug */,
				D2C73E0C27D3F93F00A03639 /* Release */,
			);
			defaultConfigurationIsVisible = 0;
			defaultConfigurationName = Release;
		};
		D2C73E0D27D3F93F00A03639 /* Build configuration list for PBXNativeTarget "Tests macOS" */ = {
			isa = XCConfigurationList;
			buildConfigurations = (
				D2C73E0E27D3F93F00A03639 /* Debug */,
				D2C73E0F27D3F93F00A03639 /* Release */,
			);
			defaultConfigurationIsVisible = 0;
			defaultConfigurationName = Release;
		};
		D2C73E9527D418B800A03639 /* Build configuration list for PBXNativeTarget "Model Tests" */ = {
			isa = XCConfigurationList;
			buildConfigurations = (
				D2C73E9327D418B800A03639 /* Debug */,
				D2C73E9427D418B800A03639 /* Release */,
			);
			defaultConfigurationIsVisible = 0;
			defaultConfigurationName = Release;
		};
/* End XCConfigurationList section */
	};
	rootObject = D2C73DCF27D3F93C00A03639 /* Project object */;
}
